
Microsoft Visual Studio Solution File, Format Version 12.00
# Visual Studio Version 17
VisualStudioVersion = 17.2.32616.157
MinimumVisualStudioVersion = 10.0.40219.1
Project("{FAE04EC0-301F-11D3-BF4B-00C04F79EFBC}") = "MeterReadApi", "MeterReadApi\MeterReadApi.csproj", "{E6184E80-23A0-430F-B0C4-C8D5D14B77BC}"
EndProject
Project("{FAE04EC0-301F-11D3-BF4B-00C04F79EFBC}") = "MeterReadApi.Tests", "MeterReadApi.Tests\MeterReadApi.Tests.csproj", "{DC4E03D4-F270-4016-89F1-C4723CEE2E8B}"
EndProject
Project("{00D1A9C2-B5F0-4AF3-8072-F6C62B433612}") = "MetersDatabase", "MetersDatabase\MetersDatabase.sqlproj", "{C37E15AE-C740-4196-B6CE-E1AAF3BABF32}"
EndProject
Global
	GlobalSection(SolutionConfigurationPlatforms) = preSolution
		Debug|Any CPU = Debug|Any CPU
		Release|Any CPU = Release|Any CPU
	EndGlobalSection
	GlobalSection(ProjectConfigurationPlatforms) = postSolution
		{E6184E80-23A0-430F-B0C4-C8D5D14B77BC}.Debug|Any CPU.ActiveCfg = Debug|Any CPU
		{E6184E80-23A0-430F-B0C4-C8D5D14B77BC}.Debug|Any CPU.Build.0 = Debug|Any CPU
		{E6184E80-23A0-430F-B0C4-C8D5D14B77BC}.Release|Any CPU.ActiveCfg = Release|Any CPU
		{E6184E80-23A0-430F-B0C4-C8D5D14B77BC}.Release|Any CPU.Build.0 = Release|Any CPU
		{DC4E03D4-F270-4016-89F1-C4723CEE2E8B}.Debug|Any CPU.ActiveCfg = Debug|Any CPU
		{DC4E03D4-F270-4016-89F1-C4723CEE2E8B}.Debug|Any CPU.Build.0 = Debug|Any CPU
		{DC4E03D4-F270-4016-89F1-C4723CEE2E8B}.Release|Any CPU.ActiveCfg = Release|Any CPU
		{DC4E03D4-F270-4016-89F1-C4723CEE2E8B}.Release|Any CPU.Build.0 = Release|Any CPU
		{C37E15AE-C740-4196-B6CE-E1AAF3BABF32}.Debug|Any CPU.ActiveCfg = Debug|Any CPU
		{C37E15AE-C740-4196-B6CE-E1AAF3BABF32}.Debug|Any CPU.Build.0 = Debug|Any CPU
		{C37E15AE-C740-4196-B6CE-E1AAF3BABF32}.Debug|Any CPU.Deploy.0 = Debug|Any CPU
		{C37E15AE-C740-4196-B6CE-E1AAF3BABF32}.Release|Any CPU.ActiveCfg = Release|Any CPU
		{C37E15AE-C740-4196-B6CE-E1AAF3BABF32}.Release|Any CPU.Build.0 = Release|Any CPU
		{C37E15AE-C740-4196-B6CE-E1AAF3BABF32}.Release|Any CPU.Deploy.0 = Release|Any CPU
	EndGlobalSection
	GlobalSection(SolutionProperties) = preSolution
		HideSolutionNode = FALSE
	EndGlobalSection
	GlobalSection(ExtensibilityGlobals) = postSolution
		SolutionGuid = {DE4B3FBE-304B-429F-B886-7A857F66B1EA}
	EndGlobalSection
EndGlobal
